
Microsoft Visual Studio Solution File, Format Version 12.00
# Visual Studio Version 16
VisualStudioVersion = 16.0.31702.278
MinimumVisualStudioVersion = 10.0.40219.1
Project("{9A19103F-16F7-4668-BE54-9A1E7A4F7556}") = "ZC7ADM_HFT_2021221.Client", "ZC7ADM_HFT_2021221.Client\ZC7ADM_HFT_2021221.Client.csproj", "{09996950-D676-42C1-B028-82D4B90047F4}"
EndProject
Project("{9A19103F-16F7-4668-BE54-9A1E7A4F7556}") = "ZC7ADM_HFT_2021221.Data", "ZC7ADM_HFT_2021221.Data\ZC7ADM_HFT_2021221.Data.csproj", "{C21675E1-6BD7-43EB-98A6-6CD4A651657F}"
EndProject
Project("{9A19103F-16F7-4668-BE54-9A1E7A4F7556}") = "ZC7ADM_HFT_2021221.Models", "ZC7ADM_HFT_2021221.Models\ZC7ADM_HFT_2021221.Models.csproj", "{1F99B4CE-44DB-417D-9DF7-18C1C9BC42E3}"
EndProject
Project("{9A19103F-16F7-4668-BE54-9A1E7A4F7556}") = "ZC7ADM_HFT_2021221.Logic", "ZC7ADM_HFT_2021221.Logic\ZC7ADM_HFT_2021221.Logic.csproj", "{B34116ED-B072-4F39-9161-C0560DBCFF38}"
EndProject
Project("{9A19103F-16F7-4668-BE54-9A1E7A4F7556}") = "ZC7ADM_HFT_2021221.Repository", "ZC7ADM_HFT_2021221.Repository\ZC7ADM_HFT_2021221.Repository.csproj", "{7A2AACA3-5DE3-4F03-AFB0-C7160BEE83EE}"
EndProject
Project("{9A19103F-16F7-4668-BE54-9A1E7A4F7556}") = "ZC7ADM_HFT_2021221.Test", "ZC7ADM_HFT_2021221.Test\ZC7ADM_HFT_2021221.Test.csproj", "{FC017084-EB20-4617-9B6E-EAC258A2DA7F}"
EndProject
Project("{9A19103F-16F7-4668-BE54-9A1E7A4F7556}") = "ZC7ADM_HFT_2021221.Endpoint", "ZC7ADM_HFT_2021221.Endpoint\ZC7ADM_HFT_2021221.Endpoint.csproj", "{50A9FA1C-9930-453D-B198-96CDC5DED53D}"
EndProject
Project("{2150E333-8FDC-42A3-9474-1A3956D46DE8}") = "Backend", "Backend", "{1699CFBD-5F5D-404A-B690-EDFC89F22C71}"
EndProject
Project("{2150E333-8FDC-42A3-9474-1A3956D46DE8}") = "Frontend", "Frontend", "{5166D1C8-C405-4DE3-A2F2-82B583BFBDFD}"
EndProject
Project("{2150E333-8FDC-42A3-9474-1A3956D46DE8}") = "Shared", "Shared", "{A06608B7-3D37-4B20-9B90-B153C6F0A8EE}"
EndProject
Project("{2150E333-8FDC-42A3-9474-1A3956D46DE8}") = "Others", "Others", "{8B538A2C-9C6F-473E-9880-B3CA23B1BEAA}"
	ProjectSection(SolutionItems) = preProject
		.gitignore = .gitignore
	EndProjectSection
EndProject
Project("{FAE04EC0-301F-11D3-BF4B-00C04F79EFBC}") = "ZC7ADM_HFT_2021221.WPFClient", "ZC7ADM_HFT_2021221.WPFClient\ZC7ADM_HFT_2021221.WPFClient.csproj", "{0C19BADA-369A-410B-BB9E-BCF498908CBA}"
EndProject
Global
	GlobalSection(SolutionConfigurationPlatforms) = preSolution
		Debug|Any CPU = Debug|Any CPU
		Release|Any CPU = Release|Any CPU
	EndGlobalSection
	GlobalSection(ProjectConfigurationPlatforms) = postSolution
		{09996950-D676-42C1-B028-82D4B90047F4}.Debug|Any CPU.ActiveCfg = Debug|Any CPU
		{09996950-D676-42C1-B028-82D4B90047F4}.Debug|Any CPU.Build.0 = Debug|Any CPU
		{09996950-D676-42C1-B028-82D4B90047F4}.Release|Any CPU.ActiveCfg = Release|Any CPU
		{09996950-D676-42C1-B028-82D4B90047F4}.Release|Any CPU.Build.0 = Release|Any CPU
		{C21675E1-6BD7-43EB-98A6-6CD4A651657F}.Debug|Any CPU.ActiveCfg = Debug|Any CPU
		{C21675E1-6BD7-43EB-98A6-6CD4A651657F}.Debug|Any CPU.Build.0 = Debug|Any CPU
		{C21675E1-6BD7-43EB-98A6-6CD4A651657F}.Release|Any CPU.ActiveCfg = Release|Any CPU
		{C21675E1-6BD7-43EB-98A6-6CD4A651657F}.Release|Any CPU.Build.0 = Release|Any CPU
		{1F99B4CE-44DB-417D-9DF7-18C1C9BC42E3}.Debug|Any CPU.ActiveCfg = Debug|Any CPU
		{1F99B4CE-44DB-417D-9DF7-18C1C9BC42E3}.Debug|Any CPU.Build.0 = Debug|Any CPU
		{1F99B4CE-44DB-417D-9DF7-18C1C9BC42E3}.Release|Any CPU.ActiveCfg = Release|Any CPU
		{1F99B4CE-44DB-417D-9DF7-18C1C9BC42E3}.Release|Any CPU.Build.0 = Release|Any CPU
		{B34116ED-B072-4F39-9161-C0560DBCFF38}.Debug|Any CPU.ActiveCfg = Debug|Any CPU
		{B34116ED-B072-4F39-9161-C0560DBCFF38}.Debug|Any CPU.Build.0 = Debug|Any CPU
		{B34116ED-B072-4F39-9161-C0560DBCFF38}.Release|Any CPU.ActiveCfg = Release|Any CPU
		{B34116ED-B072-4F39-9161-C0560DBCFF38}.Release|Any CPU.Build.0 = Release|Any CPU
		{7A2AACA3-5DE3-4F03-AFB0-C7160BEE83EE}.Debug|Any CPU.ActiveCfg = Debug|Any CPU
		{7A2AACA3-5DE3-4F03-AFB0-C7160BEE83EE}.Debug|Any CPU.Build.0 = Debug|Any CPU
		{7A2AACA3-5DE3-4F03-AFB0-C7160BEE83EE}.Release|Any CPU.ActiveCfg = Release|Any CPU
		{7A2AACA3-5DE3-4F03-AFB0-C7160BEE83EE}.Release|Any CPU.Build.0 = Release|Any CPU
		{FC017084-EB20-4617-9B6E-EAC258A2DA7F}.Debug|Any CPU.ActiveCfg = Debug|Any CPU
		{FC017084-EB20-4617-9B6E-EAC258A2DA7F}.Debug|Any CPU.Build.0 = Debug|Any CPU
		{FC017084-EB20-4617-9B6E-EAC258A2DA7F}.Release|Any CPU.ActiveCfg = Release|Any CPU
		{FC017084-EB20-4617-9B6E-EAC258A2DA7F}.Release|Any CPU.Build.0 = Release|Any CPU
		{50A9FA1C-9930-453D-B198-96CDC5DED53D}.Debug|Any CPU.ActiveCfg = Debug|Any CPU
		{50A9FA1C-9930-453D-B198-96CDC5DED53D}.Debug|Any CPU.Build.0 = Debug|Any CPU
		{50A9FA1C-9930-453D-B198-96CDC5DED53D}.Release|Any CPU.ActiveCfg = Release|Any CPU
		{50A9FA1C-9930-453D-B198-96CDC5DED53D}.Release|Any CPU.Build.0 = Release|Any CPU
		{0C19BADA-369A-410B-BB9E-BCF498908CBA}.Debug|Any CPU.ActiveCfg = Debug|Any CPU
		{0C19BADA-369A-410B-BB9E-BCF498908CBA}.Debug|Any CPU.Build.0 = Debug|Any CPU
		{0C19BADA-369A-410B-BB9E-BCF498908CBA}.Release|Any CPU.ActiveCfg = Release|Any CPU
		{0C19BADA-369A-410B-BB9E-BCF498908CBA}.Release|Any CPU.Build.0 = Release|Any CPU
	EndGlobalSection
	GlobalSection(SolutionProperties) = preSolution
		HideSolutionNode = FALSE
	EndGlobalSection
	GlobalSection(NestedProjects) = preSolution
		{09996950-D676-42C1-B028-82D4B90047F4} = {5166D1C8-C405-4DE3-A2F2-82B583BFBDFD}
		{C21675E1-6BD7-43EB-98A6-6CD4A651657F} = {1699CFBD-5F5D-404A-B690-EDFC89F22C71}
		{1F99B4CE-44DB-417D-9DF7-18C1C9BC42E3} = {A06608B7-3D37-4B20-9B90-B153C6F0A8EE}
		{B34116ED-B072-4F39-9161-C0560DBCFF38} = {1699CFBD-5F5D-404A-B690-EDFC89F22C71}
		{7A2AACA3-5DE3-4F03-AFB0-C7160BEE83EE} = {1699CFBD-5F5D-404A-B690-EDFC89F22C71}
		{FC017084-EB20-4617-9B6E-EAC258A2DA7F} = {1699CFBD-5F5D-404A-B690-EDFC89F22C71}
		{50A9FA1C-9930-453D-B198-96CDC5DED53D} = {1699CFBD-5F5D-404A-B690-EDFC89F22C71}
		{0C19BADA-369A-410B-BB9E-BCF498908CBA} = {5166D1C8-C405-4DE3-A2F2-82B583BFBDFD}
	EndGlobalSection
	GlobalSection(ExtensibilityGlobals) = postSolution
		SolutionGuid = {ACA2D07F-3185-4602-852D-81CE4CA2CF79}
	EndGlobalSection
EndGlobal
